// !$*UTF8*$!
{
	archiveVersion = 1;
	classes = {
	};
	objectVersion = 50;
	objects = {

/* Begin PBXBuildFile section */
		19707B3420A755F00019CDB2 /* AppDelegate.swift in Sources */ = {isa = PBXBuildFile; fileRef = 19707B3320A755F00019CDB2 /* AppDelegate.swift */; };
		19707B3620A755F00019CDB2 /* ViewController.swift in Sources */ = {isa = PBXBuildFile; fileRef = 19707B3520A755F00019CDB2 /* ViewController.swift */; };
		19707B3920A755F00019CDB2 /* Main.storyboard in Resources */ = {isa = PBXBuildFile; fileRef = 19707B3720A755F00019CDB2 /* Main.storyboard */; };
		19707B3B20A755F20019CDB2 /* Assets.xcassets in Resources */ = {isa = PBXBuildFile; fileRef = 19707B3A20A755F20019CDB2 /* Assets.xcassets */; };
		19707B3E20A755F20019CDB2 /* LaunchScreen.storyboard in Resources */ = {isa = PBXBuildFile; fileRef = 19707B3C20A755F20019CDB2 /* LaunchScreen.storyboard */; };
		19707B4920A755F20019CDB2 /* LexicalAnalyzerTests.swift in Sources */ = {isa = PBXBuildFile; fileRef = 19707B4820A755F20019CDB2 /* LexicalAnalyzerTests.swift */; };
		19825FFF20B6CE4C004EB077 /* first5001000.csv in Resources */ = {isa = PBXBuildFile; fileRef = 19825FEB20B6CE4B004EB077 /* first5001000.csv */; };
		1982600020B6CE4C004EB077 /* awlsublist7.csv in Resources */ = {isa = PBXBuildFile; fileRef = 19825FEC20B6CE4B004EB077 /* awlsublist7.csv */; };
		1982600120B6CE4C004EB077 /* awlsublist9.csv in Resources */ = {isa = PBXBuildFile; fileRef = 19825FED20B6CE4B004EB077 /* awlsublist9.csv */; };
		1982600220B6CE4C004EB077 /* discourseconnnector.csv in Resources */ = {isa = PBXBuildFile; fileRef = 19825FEE20B6CE4B004EB077 /* discourseconnnector.csv */; };
		1982600320B6CE4C004EB077 /* first10002500.csv in Resources */ = {isa = PBXBuildFile; fileRef = 19825FEF20B6CE4B004EB077 /* first10002500.csv */; };
		1982600420B6CE4C004EB077 /* first1000ngsl.csv in Resources */ = {isa = PBXBuildFile; fileRef = 19825FF020B6CE4B004EB077 /* first1000ngsl.csv */; };
		1982600520B6CE4C004EB077 /* ngslsupplamental.csv in Resources */ = {isa = PBXBuildFile; fileRef = 19825FF120B6CE4B004EB077 /* ngslsupplamental.csv */; };
		1982600620B6CE4C004EB077 /* first500.csv in Resources */ = {isa = PBXBuildFile; fileRef = 19825FF220B6CE4B004EB077 /* first500.csv */; };
		1982600720B6CE4C004EB077 /* awlsublist6.csv in Resources */ = {isa = PBXBuildFile; fileRef = 19825FF320B6CE4B004EB077 /* awlsublist6.csv */; };
		1982600820B6CE4C004EB077 /* awlsublist1.csv in Resources */ = {isa = PBXBuildFile; fileRef = 19825FF420B6CE4B004EB077 /* awlsublist1.csv */; };
		1982600920B6CE4C004EB077 /* academiccollocation.csv in Resources */ = {isa = PBXBuildFile; fileRef = 19825FF520B6CE4C004EB077 /* academiccollocation.csv */; };
		1982600A20B6CE4C004EB077 /* awlsublist2.csv in Resources */ = {isa = PBXBuildFile; fileRef = 19825FF620B6CE4C004EB077 /* awlsublist2.csv */; };
		1982600B20B6CE4C004EB077 /* awlsublist5.csv in Resources */ = {isa = PBXBuildFile; fileRef = 19825FF720B6CE4C004EB077 /* awlsublist5.csv */; };
		1982600C20B6CE4C004EB077 /* academicwords.csv in Resources */ = {isa = PBXBuildFile; fileRef = 19825FF820B6CE4C004EB077 /* academicwords.csv */; };
		1982600D20B6CE4C004EB077 /* awlsublist4.csv in Resources */ = {isa = PBXBuildFile; fileRef = 19825FF920B6CE4C004EB077 /* awlsublist4.csv */; };
		1982600E20B6CE4C004EB077 /* ngslthird1000.csv in Resources */ = {isa = PBXBuildFile; fileRef = 19825FFA20B6CE4C004EB077 /* ngslthird1000.csv */; };
		1982600F20B6CE4C004EB077 /* awlsublist10.csv in Resources */ = {isa = PBXBuildFile; fileRef = 19825FFB20B6CE4C004EB077 /* awlsublist10.csv */; };
		1982601020B6CE4C004EB077 /* awlsublist3.csv in Resources */ = {isa = PBXBuildFile; fileRef = 19825FFC20B6CE4C004EB077 /* awlsublist3.csv */; };
		1982601120B6CE4C004EB077 /* ngssecond1000.csv in Resources */ = {isa = PBXBuildFile; fileRef = 19825FFD20B6CE4C004EB077 /* ngssecond1000.csv */; };
		1982601220B6CE4C004EB077 /* awlsublist8.csv in Resources */ = {isa = PBXBuildFile; fileRef = 19825FFE20B6CE4C004EB077 /* awlsublist8.csv */; };
		1982601620B6F50A004EB077 /* AnalyzeViewController.swift in Sources */ = {isa = PBXBuildFile; fileRef = 1982601520B6F50A004EB077 /* AnalyzeViewController.swift */; };
		19A7C39420B4200100AAB55B /* frequentphrasalverbs.csv in Resources */ = {isa = PBXBuildFile; fileRef = 19A7C39320B4200100AAB55B /* frequentphrasalverbs.csv */; };
		19C376BB20A9F466004E2C63 /* Node.swift in Sources */ = {isa = PBXBuildFile; fileRef = 19C376BA20A9F466004E2C63 /* Node.swift */; };
		19C376BD20A9F502004E2C63 /* Word.swift in Sources */ = {isa = PBXBuildFile; fileRef = 19C376BC20A9F502004E2C63 /* Word.swift */; };
		19FD705E20AB4D58007C6116 /* BinarySearchTree.swift in Sources */ = {isa = PBXBuildFile; fileRef = 19FD705D20AB4D58007C6116 /* BinarySearchTree.swift */; };
		59D58F8039186B0C265117D1 /* Pods_LexicalAnalyzer.framework in Frameworks */ = {isa = PBXBuildFile; fileRef = C9C9A8B50B58C578C98A511D /* Pods_LexicalAnalyzer.framework */; };
		A018AB13E3B52D4BF3B25909 /* Pods_LexicalAnalyzerTests.framework in Frameworks */ = {isa = PBXBuildFile; fileRef = 9205745CF8F8CD6EF73FF091 /* Pods_LexicalAnalyzerTests.framework */; };
/* End PBXBuildFile section */

/* Begin PBXContainerItemProxy section */
		19707B4520A755F20019CDB2 /* PBXContainerItemProxy */ = {
			isa = PBXContainerItemProxy;
			containerPortal = 19707B2820A755F00019CDB2 /* Project object */;
			proxyType = 1;
			remoteGlobalIDString = 19707B2F20A755F00019CDB2;
			remoteInfo = LexicalAnalyzer;
		};
/* End PBXContainerItemProxy section */

/* Begin PBXFileReference section */
		0B32F2906B5F064163D3E176 /* Pods-LexicalAnalyzer.release.xcconfig */ = {isa = PBXFileReference; includeInIndex = 1; lastKnownFileType = text.xcconfig; name = "Pods-LexicalAnalyzer.release.xcconfig"; path = "Pods/Target Support Files/Pods-LexicalAnalyzer/Pods-LexicalAnalyzer.release.xcconfig"; sourceTree = "<group>"; };
		17E2CA06F50BB88880B469B9 /* Pods-LexicalAnalyzerTests.debug.xcconfig */ = {isa = PBXFileReference; includeInIndex = 1; lastKnownFileType = text.xcconfig; name = "Pods-LexicalAnalyzerTests.debug.xcconfig"; path = "Pods/Target Support Files/Pods-LexicalAnalyzerTests/Pods-LexicalAnalyzerTests.debug.xcconfig"; sourceTree = "<group>"; };
		19707B3020A755F00019CDB2 /* LexicalAnalyzer.app */ = {isa = PBXFileReference; explicitFileType = wrapper.application; includeInIndex = 0; path = LexicalAnalyzer.app; sourceTree = BUILT_PRODUCTS_DIR; };
		19707B3320A755F00019CDB2 /* AppDelegate.swift */ = {isa = PBXFileReference; lastKnownFileType = sourcecode.swift; path = AppDelegate.swift; sourceTree = "<group>"; };
		19707B3520A755F00019CDB2 /* ViewController.swift */ = {isa = PBXFileReference; lastKnownFileType = sourcecode.swift; path = ViewController.swift; sourceTree = "<group>"; xcLanguageSpecificationIdentifier = xcode.lang.swift; };
		19707B3820A755F00019CDB2 /* Base */ = {isa = PBXFileReference; lastKnownFileType = file.storyboard; name = Base; path = Base.lproj/Main.storyboard; sourceTree = "<group>"; };
		19707B3A20A755F20019CDB2 /* Assets.xcassets */ = {isa = PBXFileReference; lastKnownFileType = folder.assetcatalog; path = Assets.xcassets; sourceTree = "<group>"; };
		19707B3D20A755F20019CDB2 /* Base */ = {isa = PBXFileReference; lastKnownFileType = file.storyboard; name = Base; path = Base.lproj/LaunchScreen.storyboard; sourceTree = "<group>"; };
		19707B3F20A755F20019CDB2 /* Info.plist */ = {isa = PBXFileReference; lastKnownFileType = text.plist.xml; path = Info.plist; sourceTree = "<group>"; };
		19707B4420A755F20019CDB2 /* LexicalAnalyzerTests.xctest */ = {isa = PBXFileReference; explicitFileType = wrapper.cfbundle; includeInIndex = 0; path = LexicalAnalyzerTests.xctest; sourceTree = BUILT_PRODUCTS_DIR; };
		19707B4820A755F20019CDB2 /* LexicalAnalyzerTests.swift */ = {isa = PBXFileReference; lastKnownFileType = sourcecode.swift; path = LexicalAnalyzerTests.swift; sourceTree = "<group>"; };
		19707B4A20A755F20019CDB2 /* Info.plist */ = {isa = PBXFileReference; lastKnownFileType = text.plist.xml; path = Info.plist; sourceTree = "<group>"; };
		19825FEB20B6CE4B004EB077 /* first5001000.csv */ = {isa = PBXFileReference; fileEncoding = 4; lastKnownFileType = text; name = first5001000.csv; path = ../../../Documents/IFoundThisOnInternetv1/app/src/main/res/raw/first5001000.csv; sourceTree = "<group>"; };
		19825FEC20B6CE4B004EB077 /* awlsublist7.csv */ = {isa = PBXFileReference; fileEncoding = 4; lastKnownFileType = text; name = awlsublist7.csv; path = ../../../Documents/IFoundThisOnInternetv1/app/src/main/res/raw/awlsublist7.csv; sourceTree = "<group>"; };
		19825FED20B6CE4B004EB077 /* awlsublist9.csv */ = {isa = PBXFileReference; fileEncoding = 4; lastKnownFileType = text; name = awlsublist9.csv; path = ../../../Documents/IFoundThisOnInternetv1/app/src/main/res/raw/awlsublist9.csv; sourceTree = "<group>"; };
		19825FEE20B6CE4B004EB077 /* discourseconnnector.csv */ = {isa = PBXFileReference; fileEncoding = 4; lastKnownFileType = text; name = discourseconnnector.csv; path = ../../../Documents/IFoundThisOnInternetv1/app/src/main/res/raw/discourseconnnector.csv; sourceTree = "<group>"; };
		19825FEF20B6CE4B004EB077 /* first10002500.csv */ = {isa = PBXFileReference; fileEncoding = 4; lastKnownFileType = text; name = first10002500.csv; path = ../../../Documents/IFoundThisOnInternetv1/app/src/main/res/raw/first10002500.csv; sourceTree = "<group>"; };
		19825FF020B6CE4B004EB077 /* first1000ngsl.csv */ = {isa = PBXFileReference; fileEncoding = 4; lastKnownFileType = text; name = first1000ngsl.csv; path = ../../../Documents/IFoundThisOnInternetv1/app/src/main/res/raw/first1000ngsl.csv; sourceTree = "<group>"; };
		19825FF120B6CE4B004EB077 /* ngslsupplamental.csv */ = {isa = PBXFileReference; fileEncoding = 4; lastKnownFileType = text; name = ngslsupplamental.csv; path = ../../../Documents/IFoundThisOnInternetv1/app/src/main/res/raw/ngslsupplamental.csv; sourceTree = "<group>"; };
		19825FF220B6CE4B004EB077 /* first500.csv */ = {isa = PBXFileReference; fileEncoding = 4; lastKnownFileType = text; name = first500.csv; path = ../../../Documents/IFoundThisOnInternetv1/app/src/main/res/raw/first500.csv; sourceTree = "<group>"; };
		19825FF320B6CE4B004EB077 /* awlsublist6.csv */ = {isa = PBXFileReference; fileEncoding = 4; lastKnownFileType = text; name = awlsublist6.csv; path = ../../../Documents/IFoundThisOnInternetv1/app/src/main/res/raw/awlsublist6.csv; sourceTree = "<group>"; };
		19825FF420B6CE4B004EB077 /* awlsublist1.csv */ = {isa = PBXFileReference; fileEncoding = 4; lastKnownFileType = text; name = awlsublist1.csv; path = ../../../Documents/IFoundThisOnInternetv1/app/src/main/res/raw/awlsublist1.csv; sourceTree = "<group>"; };
		19825FF520B6CE4C004EB077 /* academiccollocation.csv */ = {isa = PBXFileReference; fileEncoding = 4; lastKnownFileType = text; name = academiccollocation.csv; path = ../../../Documents/IFoundThisOnInternetv1/app/src/main/res/raw/academiccollocation.csv; sourceTree = "<group>"; };
		19825FF620B6CE4C004EB077 /* awlsublist2.csv */ = {isa = PBXFileReference; fileEncoding = 4; lastKnownFileType = text; name = awlsublist2.csv; path = ../../../Documents/IFoundThisOnInternetv1/app/src/main/res/raw/awlsublist2.csv; sourceTree = "<group>"; };
		19825FF720B6CE4C004EB077 /* awlsublist5.csv */ = {isa = PBXFileReference; fileEncoding = 4; lastKnownFileType = text; name = awlsublist5.csv; path = ../../../Documents/IFoundThisOnInternetv1/app/src/main/res/raw/awlsublist5.csv; sourceTree = "<group>"; };
		19825FF820B6CE4C004EB077 /* academicwords.csv */ = {isa = PBXFileReference; fileEncoding = 4; lastKnownFileType = text; name = academicwords.csv; path = ../../../Documents/IFoundThisOnInternetv1/app/src/main/res/raw/academicwords.csv; sourceTree = "<group>"; };
		19825FF920B6CE4C004EB077 /* awlsublist4.csv */ = {isa = PBXFileReference; fileEncoding = 4; lastKnownFileType = text; name = awlsublist4.csv; path = ../../../Documents/IFoundThisOnInternetv1/app/src/main/res/raw/awlsublist4.csv; sourceTree = "<group>"; };
		19825FFA20B6CE4C004EB077 /* ngslthird1000.csv */ = {isa = PBXFileReference; fileEncoding = 4; lastKnownFileType = text; name = ngslthird1000.csv; path = ../../../Documents/IFoundThisOnInternetv1/app/src/main/res/raw/ngslthird1000.csv; sourceTree = "<group>"; };
		19825FFB20B6CE4C004EB077 /* awlsublist10.csv */ = {isa = PBXFileReference; fileEncoding = 4; lastKnownFileType = text; name = awlsublist10.csv; path = ../../../Documents/IFoundThisOnInternetv1/app/src/main/res/raw/awlsublist10.csv; sourceTree = "<group>"; };
		19825FFC20B6CE4C004EB077 /* awlsublist3.csv */ = {isa = PBXFileReference; fileEncoding = 4; lastKnownFileType = text; name = awlsublist3.csv; path = ../../../Documents/IFoundThisOnInternetv1/app/src/main/res/raw/awlsublist3.csv; sourceTree = "<group>"; };
		19825FFD20B6CE4C004EB077 /* ngssecond1000.csv */ = {isa = PBXFileReference; fileEncoding = 4; lastKnownFileType = text; name = ngssecond1000.csv; path = ../../../Documents/IFoundThisOnInternetv1/app/src/main/res/raw/ngssecond1000.csv; sourceTree = "<group>"; };
		19825FFE20B6CE4C004EB077 /* awlsublist8.csv */ = {isa = PBXFileReference; fileEncoding = 4; lastKnownFileType = text; name = awlsublist8.csv; path = ../../../Documents/IFoundThisOnInternetv1/app/src/main/res/raw/awlsublist8.csv; sourceTree = "<group>"; };
		1982601520B6F50A004EB077 /* AnalyzeViewController.swift */ = {isa = PBXFileReference; lastKnownFileType = sourcecode.swift; path = AnalyzeViewController.swift; sourceTree = "<group>"; };
		19A7C39320B4200100AAB55B /* frequentphrasalverbs.csv */ = {isa = PBXFileReference; fileEncoding = 4; lastKnownFileType = text; name = frequentphrasalverbs.csv; path = ../../../Documents/IFoundThisOnInternetv1/app/src/main/res/raw/frequentphrasalverbs.csv; sourceTree = "<group>"; };
		19C376BA20A9F466004E2C63 /* Node.swift */ = {isa = PBXFileReference; lastKnownFileType = sourcecode.swift; path = Node.swift; sourceTree = "<group>"; };
		19C376BC20A9F502004E2C63 /* Word.swift */ = {isa = PBXFileReference; lastKnownFileType = sourcecode.swift; path = Word.swift; sourceTree = "<group>"; };
		19FD705D20AB4D58007C6116 /* BinarySearchTree.swift */ = {isa = PBXFileReference; lastKnownFileType = sourcecode.swift; path = BinarySearchTree.swift; sourceTree = "<group>"; };
		3DF5F4D0C6CD7302083606B1 /* Pods-LexicalAnalyzerTests.release.xcconfig */ = {isa = PBXFileReference; includeInIndex = 1; lastKnownFileType = text.xcconfig; name = "Pods-LexicalAnalyzerTests.release.xcconfig"; path = "Pods/Target Support Files/Pods-LexicalAnalyzerTests/Pods-LexicalAnalyzerTests.release.xcconfig"; sourceTree = "<group>"; };
		9205745CF8F8CD6EF73FF091 /* Pods_LexicalAnalyzerTests.framework */ = {isa = PBXFileReference; explicitFileType = wrapper.framework; includeInIndex = 0; path = Pods_LexicalAnalyzerTests.framework; sourceTree = BUILT_PRODUCTS_DIR; };
		BFC7A99A4DB3E1B13E2867C2 /* Pods-LexicalAnalyzer.debug.xcconfig */ = {isa = PBXFileReference; includeInIndex = 1; lastKnownFileType = text.xcconfig; name = "Pods-LexicalAnalyzer.debug.xcconfig"; path = "Pods/Target Support Files/Pods-LexicalAnalyzer/Pods-LexicalAnalyzer.debug.xcconfig"; sourceTree = "<group>"; };
		C9C9A8B50B58C578C98A511D /* Pods_LexicalAnalyzer.framework */ = {isa = PBXFileReference; explicitFileType = wrapper.framework; includeInIndex = 0; path = Pods_LexicalAnalyzer.framework; sourceTree = BUILT_PRODUCTS_DIR; };
/* End PBXFileReference section */

/* Begin PBXFrameworksBuildPhase section */
		19707B2D20A755F00019CDB2 /* Frameworks */ = {
			isa = PBXFrameworksBuildPhase;
			buildActionMask = 2147483647;
			files = (
				59D58F8039186B0C265117D1 /* Pods_LexicalAnalyzer.framework in Frameworks */,
			);
			runOnlyForDeploymentPostprocessing = 0;
		};
		19707B4120A755F20019CDB2 /* Frameworks */ = {
			isa = PBXFrameworksBuildPhase;
			buildActionMask = 2147483647;
			files = (
				A018AB13E3B52D4BF3B25909 /* Pods_LexicalAnalyzerTests.framework in Frameworks */,
			);
			runOnlyForDeploymentPostprocessing = 0;
		};
/* End PBXFrameworksBuildPhase section */

/* Begin PBXGroup section */
		19707B2720A755F00019CDB2 = {
			isa = PBXGroup;
			children = (
				19707B3220A755F00019CDB2 /* LexicalAnalyzer */,
				19707B4720A755F20019CDB2 /* LexicalAnalyzerTests */,
				19707B3120A755F00019CDB2 /* Products */,
				807DD779ED0DACCEBE5F59FD /* Pods */,
				BD7CFF3FAC00069CFA428319 /* Frameworks */,
			);
			sourceTree = "<group>";
		};
		19707B3120A755F00019CDB2 /* Products */ = {
			isa = PBXGroup;
			children = (
				19707B3020A755F00019CDB2 /* LexicalAnalyzer.app */,
				19707B4420A755F20019CDB2 /* LexicalAnalyzerTests.xctest */,
			);
			name = Products;
			sourceTree = "<group>";
		};
		19707B3220A755F00019CDB2 /* LexicalAnalyzer */ = {
			isa = PBXGroup;
			children = (
				19707B3320A755F00019CDB2 /* AppDelegate.swift */,
				19707B3520A755F00019CDB2 /* ViewController.swift */,
				1982601520B6F50A004EB077 /* AnalyzeViewController.swift */,
				19C376BC20A9F502004E2C63 /* Word.swift */,
				19FD705D20AB4D58007C6116 /* BinarySearchTree.swift */,
				19C376BA20A9F466004E2C63 /* Node.swift */,
				19707B3720A755F00019CDB2 /* Main.storyboard */,
				19707B3A20A755F20019CDB2 /* Assets.xcassets */,
				19707B3C20A755F20019CDB2 /* LaunchScreen.storyboard */,
				19707B3F20A755F20019CDB2 /* Info.plist */,
				19A7C39320B4200100AAB55B /* frequentphrasalverbs.csv */,
				19825FF520B6CE4C004EB077 /* academiccollocation.csv */,
				19825FF820B6CE4C004EB077 /* academicwords.csv */,
				19825FF420B6CE4B004EB077 /* awlsublist1.csv */,
				19825FF620B6CE4C004EB077 /* awlsublist2.csv */,
				19825FFC20B6CE4C004EB077 /* awlsublist3.csv */,
				19825FF920B6CE4C004EB077 /* awlsublist4.csv */,
				19825FF720B6CE4C004EB077 /* awlsublist5.csv */,
				19825FF320B6CE4B004EB077 /* awlsublist6.csv */,
				19825FEC20B6CE4B004EB077 /* awlsublist7.csv */,
				19825FFE20B6CE4C004EB077 /* awlsublist8.csv */,
				19825FED20B6CE4B004EB077 /* awlsublist9.csv */,
				19825FFB20B6CE4C004EB077 /* awlsublist10.csv */,
				19825FEE20B6CE4B004EB077 /* discourseconnnector.csv */,
				19825FF220B6CE4B004EB077 /* first500.csv */,
				19825FF020B6CE4B004EB077 /* first1000ngsl.csv */,
				19825FEB20B6CE4B004EB077 /* first5001000.csv */,
				19825FEF20B6CE4B004EB077 /* first10002500.csv */,
				19825FF120B6CE4B004EB077 /* ngslsupplamental.csv */,
				19825FFA20B6CE4C004EB077 /* ngslthird1000.csv */,
				19825FFD20B6CE4C004EB077 /* ngssecond1000.csv */,
			);
			path = LexicalAnalyzer;
			sourceTree = "<group>";
		};
		19707B4720A755F20019CDB2 /* LexicalAnalyzerTests */ = {
			isa = PBXGroup;
			children = (
				19707B4820A755F20019CDB2 /* LexicalAnalyzerTests.swift */,
				19707B4A20A755F20019CDB2 /* Info.plist */,
			);
			path = LexicalAnalyzerTests;
			sourceTree = "<group>";
		};
		807DD779ED0DACCEBE5F59FD /* Pods */ = {
			isa = PBXGroup;
			children = (
				BFC7A99A4DB3E1B13E2867C2 /* Pods-LexicalAnalyzer.debug.xcconfig */,
				0B32F2906B5F064163D3E176 /* Pods-LexicalAnalyzer.release.xcconfig */,
				17E2CA06F50BB88880B469B9 /* Pods-LexicalAnalyzerTests.debug.xcconfig */,
				3DF5F4D0C6CD7302083606B1 /* Pods-LexicalAnalyzerTests.release.xcconfig */,
			);
			name = Pods;
			sourceTree = "<group>";
		};
		BD7CFF3FAC00069CFA428319 /* Frameworks */ = {
			isa = PBXGroup;
			children = (
				C9C9A8B50B58C578C98A511D /* Pods_LexicalAnalyzer.framework */,
				9205745CF8F8CD6EF73FF091 /* Pods_LexicalAnalyzerTests.framework */,
			);
			name = Frameworks;
			sourceTree = "<group>";
		};
/* End PBXGroup section */

/* Begin PBXNativeTarget section */
		19707B2F20A755F00019CDB2 /* LexicalAnalyzer */ = {
			isa = PBXNativeTarget;
			buildConfigurationList = 19707B4D20A755F20019CDB2 /* Build configuration list for PBXNativeTarget "LexicalAnalyzer" */;
			buildPhases = (
				E280F07B1A9E4D35800B9648 /* [CP] Check Pods Manifest.lock */,
				19707B2C20A755F00019CDB2 /* Sources */,
				19707B2D20A755F00019CDB2 /* Frameworks */,
				19707B2E20A755F00019CDB2 /* Resources */,
				7BF9BC0F3F968B62EB482B5F /* [CP] Embed Pods Frameworks */,
			);
			buildRules = (
			);
			dependencies = (
			);
			name = LexicalAnalyzer;
			productName = LexicalAnalyzer;
			productReference = 19707B3020A755F00019CDB2 /* LexicalAnalyzer.app */;
			productType = "com.apple.product-type.application";
		};
		19707B4320A755F20019CDB2 /* LexicalAnalyzerTests */ = {
			isa = PBXNativeTarget;
			buildConfigurationList = 19707B5020A755F20019CDB2 /* Build configuration list for PBXNativeTarget "LexicalAnalyzerTests" */;
			buildPhases = (
				5D58CF00EFCD24AA2BDABD20 /* [CP] Check Pods Manifest.lock */,
				19707B4020A755F20019CDB2 /* Sources */,
				19707B4120A755F20019CDB2 /* Frameworks */,
				19707B4220A755F20019CDB2 /* Resources */,
			);
			buildRules = (
			);
			dependencies = (
				19707B4620A755F20019CDB2 /* PBXTargetDependency */,
			);
			name = LexicalAnalyzerTests;
			productName = LexicalAnalyzerTests;
			productReference = 19707B4420A755F20019CDB2 /* LexicalAnalyzerTests.xctest */;
			productType = "com.apple.product-type.bundle.unit-test";
		};
/* End PBXNativeTarget section */

/* Begin PBXProject section */
		19707B2820A755F00019CDB2 /* Project object */ = {
			isa = PBXProject;
			attributes = {
				LastSwiftUpdateCheck = 0930;
				LastUpgradeCheck = 0930;
				ORGANIZATIONNAME = "Nusret Özateş";
				TargetAttributes = {
					19707B2F20A755F00019CDB2 = {
						CreatedOnToolsVersion = 9.3.1;
					};
					19707B4320A755F20019CDB2 = {
						CreatedOnToolsVersion = 9.3.1;
						TestTargetID = 19707B2F20A755F00019CDB2;
					};
				};
			};
			buildConfigurationList = 19707B2B20A755F00019CDB2 /* Build configuration list for PBXProject "LexicalAnalyzer" */;
			compatibilityVersion = "Xcode 9.3";
			developmentRegion = en;
			hasScannedForEncodings = 0;
			knownRegions = (
				en,
				Base,
			);
			mainGroup = 19707B2720A755F00019CDB2;
			productRefGroup = 19707B3120A755F00019CDB2 /* Products */;
			projectDirPath = "";
			projectRoot = "";
			targets = (
				19707B2F20A755F00019CDB2 /* LexicalAnalyzer */,
				19707B4320A755F20019CDB2 /* LexicalAnalyzerTests */,
			);
		};
/* End PBXProject section */

/* Begin PBXResourcesBuildPhase section */
		19707B2E20A755F00019CDB2 /* Resources */ = {
			isa = PBXResourcesBuildPhase;
			buildActionMask = 2147483647;
			files = (
				1982600520B6CE4C004EB077 /* ngslsupplamental.csv in Resources */,
				1982600920B6CE4C004EB077 /* academiccollocation.csv in Resources */,
				1982601020B6CE4C004EB077 /* awlsublist3.csv in Resources */,
				1982600720B6CE4C004EB077 /* awlsublist6.csv in Resources */,
				1982600820B6CE4C004EB077 /* awlsublist1.csv in Resources */,
				19707B3E20A755F20019CDB2 /* LaunchScreen.storyboard in Resources */,
				1982600B20B6CE4C004EB077 /* awlsublist5.csv in Resources */,
				1982601120B6CE4C004EB077 /* ngssecond1000.csv in Resources */,
				1982600A20B6CE4C004EB077 /* awlsublist2.csv in Resources */,
				19A7C39420B4200100AAB55B /* frequentphrasalverbs.csv in Resources */,
				1982600620B6CE4C004EB077 /* first500.csv in Resources */,
				1982601220B6CE4C004EB077 /* awlsublist8.csv in Resources */,
				1982600F20B6CE4C004EB077 /* awlsublist10.csv in Resources */,
				1982600C20B6CE4C004EB077 /* academicwords.csv in Resources */,
				1982600020B6CE4C004EB077 /* awlsublist7.csv in Resources */,
				1982600E20B6CE4C004EB077 /* ngslthird1000.csv in Resources */,
				1982600220B6CE4C004EB077 /* discourseconnnector.csv in Resources */,
				19825FFF20B6CE4C004EB077 /* first5001000.csv in Resources */,
				1982600D20B6CE4C004EB077 /* awlsublist4.csv in Resources */,
				1982600320B6CE4C004EB077 /* first10002500.csv in Resources */,
				1982600420B6CE4C004EB077 /* first1000ngsl.csv in Resources */,
				19707B3B20A755F20019CDB2 /* Assets.xcassets in Resources */,
				19707B3920A755F00019CDB2 /* Main.storyboard in Resources */,
				1982600120B6CE4C004EB077 /* awlsublist9.csv in Resources */,
			);
			runOnlyForDeploymentPostprocessing = 0;
		};
		19707B4220A755F20019CDB2 /* Resources */ = {
			isa = PBXResourcesBuildPhase;
			buildActionMask = 2147483647;
			files = (
			);
			runOnlyForDeploymentPostprocessing = 0;
		};
/* End PBXResourcesBuildPhase section */

/* Begin PBXShellScriptBuildPhase section */
		5D58CF00EFCD24AA2BDABD20 /* [CP] Check Pods Manifest.lock */ = {
			isa = PBXShellScriptBuildPhase;
			buildActionMask = 2147483647;
			files = (
			);
			inputPaths = (
				"${PODS_PODFILE_DIR_PATH}/Podfile.lock",
				"${PODS_ROOT}/Manifest.lock",
			);
			name = "[CP] Check Pods Manifest.lock";
			outputPaths = (
				"$(DERIVED_FILE_DIR)/Pods-LexicalAnalyzerTests-checkManifestLockResult.txt",
			);
			runOnlyForDeploymentPostprocessing = 0;
			shellPath = /bin/sh;
			shellScript = "diff \"${PODS_PODFILE_DIR_PATH}/Podfile.lock\" \"${PODS_ROOT}/Manifest.lock\" > /dev/null\nif [ $? != 0 ] ; then\n    # print error to STDERR\n    echo \"error: The sandbox is not in sync with the Podfile.lock. Run 'pod install' or update your CocoaPods installation.\" >&2\n    exit 1\nfi\n# This output is used by Xcode 'outputs' to avoid re-running this script phase.\necho \"SUCCESS\" > \"${SCRIPT_OUTPUT_FILE_0}\"\n";
			showEnvVarsInLog = 0;
		};
		7BF9BC0F3F968B62EB482B5F /* [CP] Embed Pods Frameworks */ = {
			isa = PBXShellScriptBuildPhase;
			buildActionMask = 2147483647;
			files = (
			);
			inputPaths = (
				"${SRCROOT}/Pods/Target Support Files/Pods-LexicalAnalyzer/Pods-LexicalAnalyzer-frameworks.sh",
				"${BUILT_PRODUCTS_DIR}/Charts/Charts.framework",
			);
			name = "[CP] Embed Pods Frameworks";
			outputPaths = (
				"${TARGET_BUILD_DIR}/${FRAMEWORKS_FOLDER_PATH}/Charts.framework",
			);
			runOnlyForDeploymentPostprocessing = 0;
			shellPath = /bin/sh;
			shellScript = "\"${SRCROOT}/Pods/Target Support Files/Pods-LexicalAnalyzer/Pods-LexicalAnalyzer-frameworks.sh\"\n";
			showEnvVarsInLog = 0;
		};
		E280F07B1A9E4D35800B9648 /* [CP] Check Pods Manifest.lock */ = {
			isa = PBXShellScriptBuildPhase;
			buildActionMask = 2147483647;
			files = (
			);
			inputPaths = (
				"${PODS_PODFILE_DIR_PATH}/Podfile.lock",
				"${PODS_ROOT}/Manifest.lock",
			);
			name = "[CP] Check Pods Manifest.lock";
			outputPaths = (
				"$(DERIVED_FILE_DIR)/Pods-LexicalAnalyzer-checkManifestLockResult.txt",
			);
			runOnlyForDeploymentPostprocessing = 0;
			shellPath = /bin/sh;
			shellScript = "diff \"${PODS_PODFILE_DIR_PATH}/Podfile.lock\" \"${PODS_ROOT}/Manifest.lock\" > /dev/null\nif [ $? != 0 ] ; then\n    # print error to STDERR\n    echo \"error: The sandbox is not in sync with the Podfile.lock. Run 'pod install' or update your CocoaPods installation.\" >&2\n    exit 1\nfi\n# This output is used by Xcode 'outputs' to avoid re-running this script phase.\necho \"SUCCESS\" > \"${SCRIPT_OUTPUT_FILE_0}\"\n";
			showEnvVarsInLog = 0;
		};
/* End PBXShellScriptBuildPhase section */

/* Begin PBXSourcesBuildPhase section */
		19707B2C20A755F00019CDB2 /* Sources */ = {
			isa = PBXSourcesBuildPhase;
			buildActionMask = 2147483647;
			files = (
				19C376BB20A9F466004E2C63 /* Node.swift in Sources */,
				19C376BD20A9F502004E2C63 /* Word.swift in Sources */,
				19707B3620A755F00019CDB2 /* ViewController.swift in Sources */,
				19707B3420A755F00019CDB2 /* AppDelegate.swift in Sources */,
				19FD705E20AB4D58007C6116 /* BinarySearchTree.swift in Sources */,
				1982601620B6F50A004EB077 /* AnalyzeViewController.swift in Sources */,
			);
			runOnlyForDeploymentPostprocessing = 0;
		};
		19707B4020A755F20019CDB2 /* Sources */ = {
			isa = PBXSourcesBuildPhase;
			buildActionMask = 2147483647;
			files = (
				19707B4920A755F20019CDB2 /* LexicalAnalyzerTests.swift in Sources */,
			);
			runOnlyForDeploymentPostprocessing = 0;
		};
/* End PBXSourcesBuildPhase section */

/* Begin PBXTargetDependency section */
		19707B4620A755F20019CDB2 /* PBXTargetDependency */ = {
			isa = PBXTargetDependency;
			target = 19707B2F20A755F00019CDB2 /* LexicalAnalyzer */;
			targetProxy = 19707B4520A755F20019CDB2 /* PBXContainerItemProxy */;
		};
/* End PBXTargetDependency section */

/* Begin PBXVariantGroup section */
		19707B3720A755F00019CDB2 /* Main.storyboard */ = {
			isa = PBXVariantGroup;
			children = (
				19707B3820A755F00019CDB2 /* Base */,
			);
			name = Main.storyboard;
			sourceTree = "<group>";
		};
		19707B3C20A755F20019CDB2 /* LaunchScreen.storyboard */ = {
			isa = PBXVariantGroup;
			children = (
				19707B3D20A755F20019CDB2 /* Base */,
			);
			name = LaunchScreen.storyboard;
			sourceTree = "<group>";
		};
/* End PBXVariantGroup section */

/* Begin XCBuildConfiguration section */
		19707B4B20A755F20019CDB2 /* Debug */ = {
			isa = XCBuildConfiguration;
			buildSettings = {
				ALWAYS_SEARCH_USER_PATHS = NO;
				CLANG_ANALYZER_NONNULL = YES;
				CLANG_ANALYZER_NUMBER_OBJECT_CONVERSION = YES_AGGRESSIVE;
				CLANG_CXX_LANGUAGE_STANDARD = "gnu++14";
				CLANG_CXX_LIBRARY = "libc++";
				CLANG_ENABLE_MODULES = YES;
				CLANG_ENABLE_OBJC_ARC = YES;
				CLANG_ENABLE_OBJC_WEAK = YES;
				CLANG_WARN_BLOCK_CAPTURE_AUTORELEASING = YES;
				CLANG_WARN_BOOL_CONVERSION = YES;
				CLANG_WARN_COMMA = YES;
				CLANG_WARN_CONSTANT_CONVERSION = YES;
				CLANG_WARN_DEPRECATED_OBJC_IMPLEMENTATIONS = YES;
				CLANG_WARN_DIRECT_OBJC_ISA_USAGE = YES_ERROR;
				CLANG_WARN_DOCUMENTATION_COMMENTS = YES;
				CLANG_WARN_EMPTY_BODY = YES;
				CLANG_WARN_ENUM_CONVERSION = YES;
				CLANG_WARN_INFINITE_RECURSION = YES;
				CLANG_WARN_INT_CONVERSION = YES;
				CLANG_WARN_NON_LITERAL_NULL_CONVERSION = YES;
				CLANG_WARN_OBJC_IMPLICIT_RETAIN_SELF = YES;
				CLANG_WARN_OBJC_LITERAL_CONVERSION = YES;
				CLANG_WARN_OBJC_ROOT_CLASS = YES_ERROR;
				CLANG_WARN_RANGE_LOOP_ANALYSIS = YES;
				CLANG_WARN_STRICT_PROTOTYPES = YES;
				CLANG_WARN_SUSPICIOUS_MOVE = YES;
				CLANG_WARN_UNGUARDED_AVAILABILITY = YES_AGGRESSIVE;
				CLANG_WARN_UNREACHABLE_CODE = YES;
				CLANG_WARN__DUPLICATE_METHOD_MATCH = YES;
				CODE_SIGN_IDENTITY = "iPhone Developer";
				COPY_PHASE_STRIP = NO;
				DEBUG_INFORMATION_FORMAT = dwarf;
				ENABLE_STRICT_OBJC_MSGSEND = YES;
				ENABLE_TESTABILITY = YES;
				GCC_C_LANGUAGE_STANDARD = gnu11;
				GCC_DYNAMIC_NO_PIC = NO;
				GCC_NO_COMMON_BLOCKS = YES;
				GCC_OPTIMIZATION_LEVEL = 0;
				GCC_PREPROCESSOR_DEFINITIONS = (
					"DEBUG=1",
					"$(inherited)",
				);
				GCC_WARN_64_TO_32_BIT_CONVERSION = YES;
				GCC_WARN_ABOUT_RETURN_TYPE = YES_ERROR;
				GCC_WARN_UNDECLARED_SELECTOR = YES;
				GCC_WARN_UNINITIALIZED_AUTOS = YES_AGGRESSIVE;
				GCC_WARN_UNUSED_FUNCTION = YES;
				GCC_WARN_UNUSED_VARIABLE = YES;
				IPHONEOS_DEPLOYMENT_TARGET = 11.3;
				MTL_ENABLE_DEBUG_INFO = YES;
				ONLY_ACTIVE_ARCH = YES;
				SDKROOT = iphoneos;
				SWIFT_ACTIVE_COMPILATION_CONDITIONS = DEBUG;
				SWIFT_OPTIMIZATION_LEVEL = "-Onone";
			};
			name = Debug;
		};
		19707B4C20A755F20019CDB2 /* Release */ = {
			isa = XCBuildConfiguration;
			buildSettings = {
				ALWAYS_SEARCH_USER_PATHS = NO;
				CLANG_ANALYZER_NONNULL = YES;
				CLANG_ANALYZER_NUMBER_OBJECT_CONVERSION = YES_AGGRESSIVE;
				CLANG_CXX_LANGUAGE_STANDARD = "gnu++14";
				CLANG_CXX_LIBRARY = "libc++";
				CLANG_ENABLE_MODULES = YES;
				CLANG_ENABLE_OBJC_ARC = YES;
				CLANG_ENABLE_OBJC_WEAK = YES;
				CLANG_WARN_BLOCK_CAPTURE_AUTORELEASING = YES;
				CLANG_WARN_BOOL_CONVERSION = YES;
				CLANG_WARN_COMMA = YES;
				CLANG_WARN_CONSTANT_CONVERSION = YES;
				CLANG_WARN_DEPRECATED_OBJC_IMPLEMENTATIONS = YES;
				CLANG_WARN_DIRECT_OBJC_ISA_USAGE = YES_ERROR;
				CLANG_WARN_DOCUMENTATION_COMMENTS = YES;
				CLANG_WARN_EMPTY_BODY = YES;
				CLANG_WARN_ENUM_CONVERSION = YES;
				CLANG_WARN_INFINITE_RECURSION = YES;
				CLANG_WARN_INT_CONVERSION = YES;
				CLANG_WARN_NON_LITERAL_NULL_CONVERSION = YES;
				CLANG_WARN_OBJC_IMPLICIT_RETAIN_SELF = YES;
				CLANG_WARN_OBJC_LITERAL_CONVERSION = YES;
				CLANG_WARN_OBJC_ROOT_CLASS = YES_ERROR;
				CLANG_WARN_RANGE_LOOP_ANALYSIS = YES;
				CLANG_WARN_STRICT_PROTOTYPES = YES;
				CLANG_WARN_SUSPICIOUS_MOVE = YES;
				CLANG_WARN_UNGUARDED_AVAILABILITY = YES_AGGRESSIVE;
				CLANG_WARN_UNREACHABLE_CODE = YES;
				CLANG_WARN__DUPLICATE_METHOD_MATCH = YES;
				CODE_SIGN_IDENTITY = "iPhone Developer";
				COPY_PHASE_STRIP = NO;
				DEBUG_INFORMATION_FORMAT = "dwarf-with-dsym";
				ENABLE_NS_ASSERTIONS = NO;
				ENABLE_STRICT_OBJC_MSGSEND = YES;
				GCC_C_LANGUAGE_STANDARD = gnu11;
				GCC_NO_COMMON_BLOCKS = YES;
				GCC_WARN_64_TO_32_BIT_CONVERSION = YES;
				GCC_WARN_ABOUT_RETURN_TYPE = YES_ERROR;
				GCC_WARN_UNDECLARED_SELECTOR = YES;
				GCC_WARN_UNINITIALIZED_AUTOS = YES_AGGRESSIVE;
				GCC_WARN_UNUSED_FUNCTION = YES;
				GCC_WARN_UNUSED_VARIABLE = YES;
				IPHONEOS_DEPLOYMENT_TARGET = 11.3;
				MTL_ENABLE_DEBUG_INFO = NO;
				SDKROOT = iphoneos;
				SWIFT_COMPILATION_MODE = wholemodule;
				SWIFT_OPTIMIZATION_LEVEL = "-O";
				VALIDATE_PRODUCT = YES;
			};
			name = Release;
		};
		19707B4E20A755F20019CDB2 /* Debug */ = {
			isa = XCBuildConfiguration;
			baseConfigurationReference = BFC7A99A4DB3E1B13E2867C2 /* Pods-LexicalAnalyzer.debug.xcconfig */;
			buildSettings = {
				ASSETCATALOG_COMPILER_APPICON_NAME = AppIcon;
				CODE_SIGN_STYLE = Automatic;
				DEVELOPMENT_TEAM = R4CD923965;
				INFOPLIST_FILE = LexicalAnalyzer/Info.plist;
				LD_RUNPATH_SEARCH_PATHS = (
					"$(inherited)",
					"@executable_path/Frameworks",
				);
				PRODUCT_BUNDLE_IDENTIFIER = com.example.LexicalAnalyzer;
				PRODUCT_NAME = "$(TARGET_NAME)";
				SWIFT_VERSION = 4.0;
				TARGETED_DEVICE_FAMILY = "1,2";
			};
			name = Debug;
		};
		19707B4F20A755F20019CDB2 /* Release */ = {
			isa = XCBuildConfiguration;
			baseConfigurationReference = 0B32F2906B5F064163D3E176 /* Pods-LexicalAnalyzer.release.xcconfig */;
			buildSettings = {
				ASSETCATALOG_COMPILER_APPICON_NAME = AppIcon;
				CODE_SIGN_STYLE = Automatic;
				DEVELOPMENT_TEAM = R4CD923965;
				INFOPLIST_FILE = LexicalAnalyzer/Info.plist;
				LD_RUNPATH_SEARCH_PATHS = (
					"$(inherited)",
					"@executable_path/Frameworks",
				);
				PRODUCT_BUNDLE_IDENTIFIER = com.example.LexicalAnalyzer;
				PRODUCT_NAME = "$(TARGET_NAME)";
				SWIFT_VERSION = 4.0;
				TARGETED_DEVICE_FAMILY = "1,2";
			};
			name = Release;
		};
		19707B5120A755F20019CDB2 /* Debug */ = {
			isa = XCBuildConfiguration;
			baseConfigurationReference = 17E2CA06F50BB88880B469B9 /* Pods-LexicalAnalyzerTests.debug.xcconfig */;
			buildSettings = {
				ALWAYS_EMBED_SWIFT_STANDARD_LIBRARIES = YES;
				BUNDLE_LOADER = "$(TEST_HOST)";
				CODE_SIGN_STYLE = Automatic;
				DEVELOPMENT_TEAM = R4CD923965;
				INFOPLIST_FILE = LexicalAnalyzerTests/Info.plist;
				LD_RUNPATH_SEARCH_PATHS = (
					"$(inherited)",
					"@executable_path/Frameworks",
					"@loader_path/Frameworks",
				);
				PRODUCT_BUNDLE_IDENTIFIER = com.example.LexicalAnalyzerTests;
				PRODUCT_NAME = "$(TARGET_NAME)";
				SWIFT_VERSION = 4.0;
				TARGETED_DEVICE_FAMILY = "1,2";
				TEST_HOST = "$(BUILT_PRODUCTS_DIR)/LexicalAnalyzer.app/LexicalAnalyzer";
			};
			name = Debug;
		};
		19707B5220A755F20019CDB2 /* Release */ = {
			isa = XCBuildConfiguration;
			baseConfigurationReference = 3DF5F4D0C6CD7302083606B1 /* Pods-LexicalAnalyzerTests.release.xcconfig */;
			buildSettings = {
				ALWAYS_EMBED_SWIFT_STANDARD_LIBRARIES = YES;
				BUNDLE_LOADER = "$(TEST_HOST)";
				CODE_SIGN_STYLE = Automatic;
				DEVELOPMENT_TEAM = R4CD923965;
				INFOPLIST_FILE = LexicalAnalyzerTests/Info.plist;
				LD_RUNPATH_SEARCH_PATHS = (
					"$(inherited)",
					"@executable_path/Frameworks",
					"@loader_path/Frameworks",
				);
				PRODUCT_BUNDLE_IDENTIFIER = com.example.LexicalAnalyzerTests;
				PRODUCT_NAME = "$(TARGET_NAME)";
				SWIFT_VERSION = 4.0;
				TARGETED_DEVICE_FAMILY = "1,2";
				TEST_HOST = "$(BUILT_PRODUCTS_DIR)/LexicalAnalyzer.app/LexicalAnalyzer";
			};
			name = Release;
		};
/* End XCBuildConfiguration section */

/* Begin XCConfigurationList section */
		19707B2B20A755F00019CDB2 /* Build configuration list for PBXProject "LexicalAnalyzer" */ = {
			isa = XCConfigurationList;
			buildConfigurations = (
				19707B4B20A755F20019CDB2 /* Debug */,
				19707B4C20A755F20019CDB2 /* Release */,
			);
			defaultConfigurationIsVisible = 0;
			defaultConfigurationName = Release;
		};
		19707B4D20A755F20019CDB2 /* Build configuration list for PBXNativeTarget "LexicalAnalyzer" */ = {
			isa = XCConfigurationList;
			buildConfigurations = (
				19707B4E20A755F20019CDB2 /* Debug */,
				19707B4F20A755F20019CDB2 /* Release */,
			);
			defaultConfigurationIsVisible = 0;
			defaultConfigurationName = Release;
		};
		19707B5020A755F20019CDB2 /* Build configuration list for PBXNativeTarget "LexicalAnalyzerTests" */ = {
			isa = XCConfigurationList;
			buildConfigurations = (
				19707B5120A755F20019CDB2 /* Debug */,
				19707B5220A755F20019CDB2 /* Release */,
			);
			defaultConfigurationIsVisible = 0;
			defaultConfigurationName = Release;
		};
/* End XCConfigurationList section */
	};
	rootObject = 19707B2820A755F00019CDB2 /* Project object */;
}
